
Microsoft Visual Studio Solution File, Format Version 12.00
# Visual Studio Version 16
VisualStudioVersion = 16.0.30709.132
MinimumVisualStudioVersion = 10.0.40219.1
Project("{FAE04EC0-301F-11D3-BF4B-00C04F79EFBC}") = "AccesoDatos", "AccesoDatos\AccesoDatos.csproj", "{6B33F82A-67F5-40F2-8577-C565D4C45EAE}"
EndProject
Project("{FAE04EC0-301F-11D3-BF4B-00C04F79EFBC}") = "Entidades", "Entidades\Entidades.csproj", "{A4935F65-AD76-42A5-A965-CAD5ED8659A2}"
EndProject
Project("{FAE04EC0-301F-11D3-BF4B-00C04F79EFBC}") = "LogicaNegocio", "LogicaNegocio\LogicaNegocio.csproj", "{232BEC2C-5815-467E-97CE-52FB5183333F}"
EndProject
Project("{E24C65DC-7377-472B-9ABA-BC803B73C61A}") = "WCFSIDEPS", "WCFSIDEPS\", "{DC4D0CFF-F38F-4EB0-8070-8AEDA1E9603C}"
	ProjectSection(WebsiteProperties) = preProject
		TargetFrameworkMoniker = ".NETFramework,Version%3Dv4.7.2"
		ProjectReferences = "{a4935f65-ad76-42a5-a965-cad5ed8659a2}|Entidades.dll;{6b33f82a-67f5-40f2-8577-c565d4c45eae}|AccesoDatos.dll;{232bec2c-5815-467e-97ce-52fb5183333f}|LogicaNegocio.dll;"
		Debug.AspNetCompiler.VirtualPath = "/localhost_51032"
		Debug.AspNetCompiler.PhysicalPath = "WCFSIDEPS\"
		Debug.AspNetCompiler.TargetPath = "PrecompiledWeb\localhost_51032\"
		Debug.AspNetCompiler.Updateable = "true"
		Debug.AspNetCompiler.ForceOverwrite = "true"
		Debug.AspNetCompiler.FixedNames = "false"
		Debug.AspNetCompiler.Debug = "True"
		Release.AspNetCompiler.VirtualPath = "/localhost_51032"
		Release.AspNetCompiler.PhysicalPath = "WCFSIDEPS\"
		Release.AspNetCompiler.TargetPath = "PrecompiledWeb\localhost_51032\"
		Release.AspNetCompiler.Updateable = "true"
		Release.AspNetCompiler.ForceOverwrite = "true"
		Release.AspNetCompiler.FixedNames = "false"
		Release.AspNetCompiler.Debug = "False"
		VWDPort = "51032"
		SlnRelativePath = "WCFSIDEPS\"
		DefaultWebSiteLanguage = "Visual C#"
	EndProjectSection
EndProject
Project("{FAE04EC0-301F-11D3-BF4B-00C04F79EFBC}") = "mvcSIDEPSWeb", "mvcSIDEPSWeb\mvcSIDEPSWeb.csproj", "{307F8C0B-F981-4D32-A774-06AB7AEC9F3E}"
	ProjectSection(ProjectDependencies) = postProject
		{DC4D0CFF-F38F-4EB0-8070-8AEDA1E9603C} = {DC4D0CFF-F38F-4EB0-8070-8AEDA1E9603C}
	EndProjectSection
EndProject
Global
	GlobalSection(SolutionConfigurationPlatforms) = preSolution
		Debug|Any CPU = Debug|Any CPU
		Release|Any CPU = Release|Any CPU
	EndGlobalSection
	GlobalSection(ProjectConfigurationPlatforms) = postSolution
		{6B33F82A-67F5-40F2-8577-C565D4C45EAE}.Debug|Any CPU.ActiveCfg = Debug|Any CPU
		{6B33F82A-67F5-40F2-8577-C565D4C45EAE}.Debug|Any CPU.Build.0 = Debug|Any CPU
		{6B33F82A-67F5-40F2-8577-C565D4C45EAE}.Release|Any CPU.ActiveCfg = Release|Any CPU
		{6B33F82A-67F5-40F2-8577-C565D4C45EAE}.Release|Any CPU.Build.0 = Release|Any CPU
		{A4935F65-AD76-42A5-A965-CAD5ED8659A2}.Debug|Any CPU.ActiveCfg = Debug|Any CPU
		{A4935F65-AD76-42A5-A965-CAD5ED8659A2}.Debug|Any CPU.Build.0 = Debug|Any CPU
		{A4935F65-AD76-42A5-A965-CAD5ED8659A2}.Release|Any CPU.ActiveCfg = Release|Any CPU
		{A4935F65-AD76-42A5-A965-CAD5ED8659A2}.Release|Any CPU.Build.0 = Release|Any CPU
		{232BEC2C-5815-467E-97CE-52FB5183333F}.Debug|Any CPU.ActiveCfg = Debug|Any CPU
		{232BEC2C-5815-467E-97CE-52FB5183333F}.Debug|Any CPU.Build.0 = Debug|Any CPU
		{232BEC2C-5815-467E-97CE-52FB5183333F}.Release|Any CPU.ActiveCfg = Release|Any CPU
		{232BEC2C-5815-467E-97CE-52FB5183333F}.Release|Any CPU.Build.0 = Release|Any CPU
		{DC4D0CFF-F38F-4EB0-8070-8AEDA1E9603C}.Debug|Any CPU.ActiveCfg = Debug|Any CPU
		{DC4D0CFF-F38F-4EB0-8070-8AEDA1E9603C}.Debug|Any CPU.Build.0 = Debug|Any CPU
		{DC4D0CFF-F38F-4EB0-8070-8AEDA1E9603C}.Release|Any CPU.ActiveCfg = Debug|Any CPU
		{DC4D0CFF-F38F-4EB0-8070-8AEDA1E9603C}.Release|Any CPU.Build.0 = Debug|Any CPU
		{307F8C0B-F981-4D32-A774-06AB7AEC9F3E}.Debug|Any CPU.ActiveCfg = Debug|Any CPU
		{307F8C0B-F981-4D32-A774-06AB7AEC9F3E}.Debug|Any CPU.Build.0 = Debug|Any CPU
		{307F8C0B-F981-4D32-A774-06AB7AEC9F3E}.Release|Any CPU.ActiveCfg = Release|Any CPU
		{307F8C0B-F981-4D32-A774-06AB7AEC9F3E}.Release|Any CPU.Build.0 = Release|Any CPU
	EndGlobalSection
	GlobalSection(SolutionProperties) = preSolution
		HideSolutionNode = FALSE
	EndGlobalSection
	GlobalSection(ExtensibilityGlobals) = postSolution
		SolutionGuid = {C177F977-1BEB-40A3-815F-26CCA7DEF043}
	EndGlobalSection
EndGlobal
